// !$*UTF8*$!
{
	archiveVersion = 1;
	classes = {
	};
	objectVersion = 50;
	objects = {

/* Begin PBXBuildFile section */
		A3C27E96225B3CAD000AE91F /* AppDelegate.swift in Sources */ = {isa = PBXBuildFile; fileRef = A3C27E95225B3CAD000AE91F /* AppDelegate.swift */; };
		A3C27E98225B3CAD000AE91F /* ViewController.swift in Sources */ = {isa = PBXBuildFile; fileRef = A3C27E97225B3CAD000AE91F /* ViewController.swift */; };
		A3C27E9B225B3CAD000AE91F /* Main.storyboard in Resources */ = {isa = PBXBuildFile; fileRef = A3C27E99225B3CAD000AE91F /* Main.storyboard */; };
		A3C27E9D225B3CB0000AE91F /* Assets.xcassets in Resources */ = {isa = PBXBuildFile; fileRef = A3C27E9C225B3CB0000AE91F /* Assets.xcassets */; };
		A3C27EA0225B3CB0000AE91F /* LaunchScreen.storyboard in Resources */ = {isa = PBXBuildFile; fileRef = A3C27E9E225B3CB0000AE91F /* LaunchScreen.storyboard */; };
		A3C27EA8225B3F6B000AE91F /* chatMessageCell.swift in Sources */ = {isa = PBXBuildFile; fileRef = A3C27EA7225B3F6B000AE91F /* chatMessageCell.swift */; };
/* End PBXBuildFile section */

/* Begin PBXFileReference section */
		A3C27E92225B3CAD000AE91F /* exampleChat.app */ = {isa = PBXFileReference; explicitFileType = wrapper.application; includeInIndex = 0; path = exampleChat.app; sourceTree = BUILT_PRODUCTS_DIR; };
		A3C27E95225B3CAD000AE91F /* AppDelegate.swift */ = {isa = PBXFileReference; lastKnownFileType = sourcecode.swift; path = AppDelegate.swift; sourceTree = "<group>"; };
		A3C27E97225B3CAD000AE91F /* ViewController.swift */ = {isa = PBXFileReference; lastKnownFileType = sourcecode.swift; path = ViewController.swift; sourceTree = "<group>"; };
		A3C27E9A225B3CAD000AE91F /* Base */ = {isa = PBXFileReference; lastKnownFileType = file.storyboard; name = Base; path = Base.lproj/Main.storyboard; sourceTree = "<group>"; };
		A3C27E9C225B3CB0000AE91F /* Assets.xcassets */ = {isa = PBXFileReference; lastKnownFileType = folder.assetcatalog; path = Assets.xcassets; sourceTree = "<group>"; };
		A3C27E9F225B3CB0000AE91F /* Base */ = {isa = PBXFileReference; lastKnownFileType = file.storyboard; name = Base; path = Base.lproj/LaunchScreen.storyboard; sourceTree = "<group>"; };
		A3C27EA1225B3CB0000AE91F /* Info.plist */ = {isa = PBXFileReference; lastKnownFileType = text.plist.xml; path = Info.plist; sourceTree = "<group>"; };
		A3C27EA7225B3F6B000AE91F /* chatMessageCell.swift */ = {isa = PBXFileReference; lastKnownFileType = sourcecode.swift; path = chatMessageCell.swift; sourceTree = "<group>"; };
/* End PBXFileReference section */

/* Begin PBXFrameworksBuildPhase section */
		A3C27E8F225B3CAD000AE91F /* Frameworks */ = {
			isa = PBXFrameworksBuildPhase;
			buildActionMask = 2147483647;
			files = (
			);
			runOnlyForDeploymentPostprocessing = 0;
		};
/* End PBXFrameworksBuildPhase section */

/* Begin PBXGroup section */
		A3C27E89225B3CAD000AE91F = {
			isa = PBXGroup;
			children = (
				A3C27E94225B3CAD000AE91F /* exampleChat */,
				A3C27E93225B3CAD000AE91F /* Products */,
			);
			sourceTree = "<group>";
		};
		A3C27E93225B3CAD000AE91F /* Products */ = {
			isa = PBXGroup;
			children = (
				A3C27E92225B3CAD000AE91F /* exampleChat.app */,
			);
			name = Products;
			sourceTree = "<group>";
		};
		A3C27E94225B3CAD000AE91F /* exampleChat */ = {
			isa = PBXGroup;
			children = (
				A3C27E95225B3CAD000AE91F /* AppDelegate.swift */,
				A3C27E97225B3CAD000AE91F /* ViewController.swift */,
				A3C27E99225B3CAD000AE91F /* Main.storyboard */,
				A3C27E9C225B3CB0000AE91F /* Assets.xcassets */,
				A3C27E9E225B3CB0000AE91F /* LaunchScreen.storyboard */,
				A3C27EA1225B3CB0000AE91F /* Info.plist */,
				A3C27EA7225B3F6B000AE91F /* chatMessageCell.swift */,
			);
			path = exampleChat;
			sourceTree = "<group>";
		};
/* End PBXGroup section */

/* Begin PBXNativeTarget section */
		A3C27E91225B3CAD000AE91F /* exampleChat */ = {
			isa = PBXNativeTarget;
			buildConfigurationList = A3C27EA4225B3CB0000AE91F /* Build configuration list for PBXNativeTarget "exampleChat" */;
			buildPhases = (
				A3C27E8E225B3CAD000AE91F /* Sources */,
				A3C27E8F225B3CAD000AE91F /* Frameworks */,
				A3C27E90225B3CAD000AE91F /* Resources */,
			);
			buildRules = (
			);
			dependencies = (
			);
			name = exampleChat;
			productName = exampleChat;
			productReference = A3C27E92225B3CAD000AE91F /* exampleChat.app */;
			productType = "com.apple.product-type.application";
		};
/* End PBXNativeTarget section */

/* Begin PBXProject section */
		A3C27E8A225B3CAD000AE91F /* Project object */ = {
			isa = PBXProject;
			attributes = {
				LastSwiftUpdateCheck = 1010;
				LastUpgradeCheck = 1010;
				ORGANIZATIONNAME = "isa nur fajar";
				TargetAttributes = {
					A3C27E91225B3CAD000AE91F = {
						CreatedOnToolsVersion = 10.1;
					};
				};
			};
			buildConfigurationList = A3C27E8D225B3CAD000AE91F /* Build configuration list for PBXProject "exampleChat" */;
			compatibilityVersion = "Xcode 9.3";
			developmentRegion = en;
			hasScannedForEncodings = 0;
			knownRegions = (
				en,
				Base,
			);
			mainGroup = A3C27E89225B3CAD000AE91F;
			productRefGroup = A3C27E93225B3CAD000AE91F /* Products */;
			projectDirPath = "";
			projectRoot = "";
			targets = (
				A3C27E91225B3CAD000AE91F /* exampleChat */,
			);
		};
/* End PBXProject section */

/* Begin PBXResourcesBuildPhase section */
		A3C27E90225B3CAD000AE91F /* Resources */ = {
			isa = PBXResourcesBuildPhase;
			buildActionMask = 2147483647;
			files = (
				A3C27EA0225B3CB0000AE91F /* LaunchScreen.storyboard in Resources */,
				A3C27E9D225B3CB0000AE91F /* Assets.xcassets in Resources */,
				A3C27E9B225B3CAD000AE91F /* Main.storyboard in Resources */,
			);
			runOnlyForDeploymentPostprocessing = 0;
		};
/* End PBXResourcesBuildPhase section */

/* Begin PBXSourcesBuildPhase section */
		A3C27E8E225B3CAD000AE91F /* Sources */ = {
			isa = PBXSourcesBuildPhase;
			buildActionMask = 2147483647;
			files = (
				A3C27E98225B3CAD000AE91F /* ViewController.swift in Sources */,
				A3C27E96225B3CAD000AE91F /* AppDelegate.swift in Sources */,
				A3C27EA8225B3F6B000AE91F /* chatMessageCell.swift in Sources */,
			);
			runOnlyForDeploymentPostprocessing = 0;
		};
/* End PBXSourcesBuildPhase section */

/* Begin PBXVariantGroup section */
		A3C27E99225B3CAD000AE91F /* Main.storyboard */ = {
			isa = PBXVariantGroup;
			children = (
				A3C27E9A225B3CAD000AE91F /* Base */,
			);
			name = Main.storyboard;
			sourceTree = "<group>";
		};
		A3C27E9E225B3CB0000AE91F /* LaunchScreen.storyboard */ = {
			isa = PBXVariantGroup;
			children = (
				A3C27E9F225B3CB0000AE91F /* Base */,
			);
			name = LaunchScreen.storyboard;
			sourceTree = "<group>";
		};
/* End PBXVariantGroup section */

/* Begin XCBuildConfiguration section */
		A3C27EA2225B3CB0000AE91F /* Debug */ = {
			isa = XCBuildConfiguration;
			buildSettings = {
				ALWAYS_SEARCH_USER_PATHS = NO;
				CLANG_ANALYZER_NONNULL = YES;
				CLANG_ANALYZER_NUMBER_OBJECT_CONVERSION = YES_AGGRESSIVE;
				CLANG_CXX_LANGUAGE_STANDARD = "gnu++14";
				CLANG_CXX_LIBRARY = "libc++";
				CLANG_ENABLE_MODULES = YES;
				CLANG_ENABLE_OBJC_ARC = YES;
				CLANG_ENABLE_OBJC_WEAK = YES;
				CLANG_WARN_BLOCK_CAPTURE_AUTORELEASING = YES;
				CLANG_WARN_BOOL_CONVERSION = YES;
				CLANG_WARN_COMMA = YES;
				CLANG_WARN_CONSTANT_CONVERSION = YES;
				CLANG_WARN_DEPRECATED_OBJC_IMPLEMENTATIONS = YES;
				CLANG_WARN_DIRECT_OBJC_ISA_USAGE = YES_ERROR;
				CLANG_WARN_DOCUMENTATION_COMMENTS = YES;
				CLANG_WARN_EMPTY_BODY = YES;
				CLANG_WARN_ENUM_CONVERSION = YES;
				CLANG_WARN_INFINITE_RECURSION = YES;
				CLANG_WARN_INT_CONVERSION = YES;
				CLANG_WARN_NON_LITERAL_NULL_CONVERSION = YES;
				CLANG_WARN_OBJC_IMPLICIT_RETAIN_SELF = YES;
				CLANG_WARN_OBJC_LITERAL_CONVERSION = YES;
				CLANG_WARN_OBJC_ROOT_CLASS = YES_ERROR;
				CLANG_WARN_RANGE_LOOP_ANALYSIS = YES;
				CLANG_WARN_STRICT_PROTOTYPES = YES;
				CLANG_WARN_SUSPICIOUS_MOVE = YES;
				CLANG_WARN_UNGUARDED_AVAILABILITY = YES_AGGRESSIVE;
				CLANG_WARN_UNREACHABLE_CODE = YES;
				CLANG_WARN__DUPLICATE_METHOD_MATCH = YES;
				CODE_SIGN_IDENTITY = "iPhone Developer";
				COPY_PHASE_STRIP = NO;
				DEBUG_INFORMATION_FORMAT = dwarf;
				ENABLE_STRICT_OBJC_MSGSEND = YES;
				ENABLE_TESTABILITY = YES;
				GCC_C_LANGUAGE_STANDARD = gnu11;
				GCC_DYNAMIC_NO_PIC = NO;
				GCC_NO_COMMON_BLOCKS = YES;
				GCC_OPTIMIZATION_LEVEL = 0;
				GCC_PREPROCESSOR_DEFINITIONS = (
					"DEBUG=1",
					"$(inherited)",
				);
				GCC_WARN_64_TO_32_BIT_CONVERSION = YES;
				GCC_WARN_ABOUT_RETURN_TYPE = YES_ERROR;
				GCC_WARN_UNDECLARED_SELECTOR = YES;
				GCC_WARN_UNINITIALIZED_AUTOS = YES_AGGRESSIVE;
				GCC_WARN_UNUSED_FUNCTION = YES;
				GCC_WARN_UNUSED_VARIABLE = YES;
				IPHONEOS_DEPLOYMENT_TARGET = 12.1;
				MTL_ENABLE_DEBUG_INFO = INCLUDE_SOURCE;
				MTL_FAST_MATH = YES;
				ONLY_ACTIVE_ARCH = YES;
				SDKROOT = iphoneos;
				SWIFT_ACTIVE_COMPILATION_CONDITIONS = DEBUG;
				SWIFT_OPTIMIZATION_LEVEL = "-Onone";
			};
			name = Debug;
		};
		A3C27EA3225B3CB0000AE91F /* Release */ = {
			isa = XCBuildConfiguration;
			buildSettings = {
				ALWAYS_SEARCH_USER_PATHS = NO;
				CLANG_ANALYZER_NONNULL = YES;
				CLANG_ANALYZER_NUMBER_OBJECT_CONVERSION = YES_AGGRESSIVE;
				CLANG_CXX_LANGUAGE_STANDARD = "gnu++14";
				CLANG_CXX_LIBRARY = "libc++";
				CLANG_ENABLE_MODULES = YES;
				CLANG_ENABLE_OBJC_ARC = YES;
				CLANG_ENABLE_OBJC_WEAK = YES;
				CLANG_WARN_BLOCK_CAPTURE_AUTORELEASING = YES;
				CLANG_WARN_BOOL_CONVERSION = YES;
				CLANG_WARN_COMMA = YES;
				CLANG_WARN_CONSTANT_CONVERSION = YES;
				CLANG_WARN_DEPRECATED_OBJC_IMPLEMENTATIONS = YES;
				CLANG_WARN_DIRECT_OBJC_ISA_USAGE = YES_ERROR;
				CLANG_WARN_DOCUMENTATION_COMMENTS = YES;
				CLANG_WARN_EMPTY_BODY = YES;
				CLANG_WARN_ENUM_CONVERSION = YES;
				CLANG_WARN_INFINITE_RECURSION = YES;
				CLANG_WARN_INT_CONVERSION = YES;
				CLANG_WARN_NON_LITERAL_NULL_CONVERSION = YES;
				CLANG_WARN_OBJC_IMPLICIT_RETAIN_SELF = YES;
				CLANG_WARN_OBJC_LITERAL_CONVERSION = YES;
				CLANG_WARN_OBJC_ROOT_CLASS = YES_ERROR;
				CLANG_WARN_RANGE_LOOP_ANALYSIS = YES;
				CLANG_WARN_STRICT_PROTOTYPES = YES;
				CLANG_WARN_SUSPICIOUS_MOVE = YES;
				CLANG_WARN_UNGUARDED_AVAILABILITY = YES_AGGRESSIVE;
				CLANG_WARN_UNREACHABLE_CODE = YES;
				CLANG_WARN__DUPLICATE_METHOD_MATCH = YES;
				CODE_SIGN_IDENTITY = "iPhone Developer";
				COPY_PHASE_STRIP = NO;
				DEBUG_INFORMATION_FORMAT = "dwarf-with-dsym";
				ENABLE_NS_ASSERTIONS = NO;
				ENABLE_STRICT_OBJC_MSGSEND = YES;
				GCC_C_LANGUAGE_STANDARD = gnu11;
				GCC_NO_COMMON_BLOCKS = YES;
				GCC_WARN_64_TO_32_BIT_CONVERSION = YES;
				GCC_WARN_ABOUT_RETURN_TYPE = YES_ERROR;
				GCC_WARN_UNDECLARED_SELECTOR = YES;
				GCC_WARN_UNINITIALIZED_AUTOS = YES_AGGRESSIVE;
				GCC_WARN_UNUSED_FUNCTION = YES;
				GCC_WARN_UNUSED_VARIABLE = YES;
				IPHONEOS_DEPLOYMENT_TARGET = 12.1;
				MTL_ENABLE_DEBUG_INFO = NO;
				MTL_FAST_MATH = YES;
				SDKROOT = iphoneos;
				SWIFT_COMPILATION_MODE = wholemodule;
				SWIFT_OPTIMIZATION_LEVEL = "-O";
				VALIDATE_PRODUCT = YES;
			};
			name = Release;
		};
		A3C27EA5225B3CB0000AE91F /* Debug */ = {
			isa = XCBuildConfiguration;
			buildSettings = {
				ASSETCATALOG_COMPILER_APPICON_NAME = AppIcon;
				CODE_SIGN_STYLE = Automatic;
				DEVELOPMENT_TEAM = BP9LJLZCM8;
				INFOPLIST_FILE = exampleChat/Info.plist;
				LD_RUNPATH_SEARCH_PATHS = (
					"$(inherited)",
					"@executable_path/Frameworks",
				);
				PRODUCT_BUNDLE_IDENTIFIER = AnakPertama.exampleChat;
				PRODUCT_NAME = "$(TARGET_NAME)";
				SWIFT_VERSION = 4.2;
				TARGETED_DEVICE_FAMILY = "1,2";
			};
			name = Debug;
		};
		A3C27EA6225B3CB0000AE91F /* Release */ = {
			isa = XCBuildConfiguration;
			buildSettings = {
				ASSETCATALOG_COMPILER_APPICON_NAME = AppIcon;
				CODE_SIGN_STYLE = Automatic;
				DEVELOPMENT_TEAM = BP9LJLZCM8;
				INFOPLIST_FILE = exampleChat/Info.plist;
				LD_RUNPATH_SEARCH_PATHS = (
					"$(inherited)",
					"@executable_path/Frameworks",
				);
				PRODUCT_BUNDLE_IDENTIFIER = AnakPertama.exampleChat;
				PRODUCT_NAME = "$(TARGET_NAME)";
				SWIFT_VERSION = 4.2;
				TARGETED_DEVICE_FAMILY = "1,2";
			};
			name = Release;
		};
/* End XCBuildConfiguration section */

/* Begin XCConfigurationList section */
		A3C27E8D225B3CAD000AE91F /* Build configuration list for PBXProject "exampleChat" */ = {
			isa = XCConfigurationList;
			buildConfigurations = (
				A3C27EA2225B3CB0000AE91F /* Debug */,
				A3C27EA3225B3CB0000AE91F /* Release */,
			);
			defaultConfigurationIsVisible = 0;
			defaultConfigurationName = Release;
		};
		A3C27EA4225B3CB0000AE91F /* Build configuration list for PBXNativeTarget "exampleChat" */ = {
			isa = XCConfigurationList;
			buildConfigurations = (
				A3C27EA5225B3CB0000AE91F /* Debug */,
				A3C27EA6225B3CB0000AE91F /* Release */,
			);
			defaultConfigurationIsVisible = 0;
			defaultConfigurationName = Release;
		};
/* End XCConfigurationList section */
	};
	rootObject = A3C27E8A225B3CAD000AE91F /* Project object */;
}
